
Microsoft Visual Studio Solution File, Format Version 12.00
# Visual Studio Version 17
VisualStudioVersion = 17.10.35027.167
MinimumVisualStudioVersion = 10.0.40219.1
Project("{FAE04EC0-301F-11D3-BF4B-00C04F79EFBC}") = "baitap2", "baitap2\baitap2.csproj", "{D01659BE-7D9E-4FE4-8704-9CFE73358E14}"
EndProject
Global
	GlobalSection(SolutionConfigurationPlatforms) = preSolution
		Debug|Any CPU = Debug|Any CPU
		Release|Any CPU = Release|Any CPU
	EndGlobalSection
	GlobalSection(ProjectConfigurationPlatforms) = postSolution
		{D01659BE-7D9E-4FE4-8704-9CFE73358E14}.Debug|Any CPU.ActiveCfg = Debug|Any CPU
		{D01659BE-7D9E-4FE4-8704-9CFE73358E14}.Debug|Any CPU.Build.0 = Debug|Any CPU
		{D01659BE-7D9E-4FE4-8704-9CFE73358E14}.Release|Any CPU.ActiveCfg = Release|Any CPU
		{D01659BE-7D9E-4FE4-8704-9CFE73358E14}.Release|Any CPU.Build.0 = Release|Any CPU
	EndGlobalSection
	GlobalSection(SolutionProperties) = preSolution
		HideSolutionNode = FALSE
	EndGlobalSection
	GlobalSection(ExtensibilityGlobals) = postSolution
		SolutionGuid = {C8F0A5C7-16BD-498C-AC9C-8FFBF17FE657}
	EndGlobalSection
EndGlobal
